
Microsoft Visual Studio Solution File, Format Version 12.00
# Visual Studio Version 17
VisualStudioVersion = 17.11.35327.3
MinimumVisualStudioVersion = 10.0.40219.1
Project("{FAE04EC0-301F-11D3-BF4B-00C04F79EFBC}") = "Praktsharp14", "Praktsharp14.csproj", "{B4ED9E71-85A2-4D13-9092-D75E45316B73}"
EndProject
Global
	GlobalSection(SolutionConfigurationPlatforms) = preSolution
		Debug|Any CPU = Debug|Any CPU
		Release|Any CPU = Release|Any CPU
	EndGlobalSection
	GlobalSection(ProjectConfigurationPlatforms) = postSolution
		{B4ED9E71-85A2-4D13-9092-D75E45316B73}.Debug|Any CPU.ActiveCfg = Debug|Any CPU
		{B4ED9E71-85A2-4D13-9092-D75E45316B73}.Debug|Any CPU.Build.0 = Debug|Any CPU
		{B4ED9E71-85A2-4D13-9092-D75E45316B73}.Release|Any CPU.ActiveCfg = Release|Any CPU
		{B4ED9E71-85A2-4D13-9092-D75E45316B73}.Release|Any CPU.Build.0 = Release|Any CPU
	EndGlobalSection
	GlobalSection(SolutionProperties) = preSolution
		HideSolutionNode = FALSE
	EndGlobalSection
	GlobalSection(ExtensibilityGlobals) = postSolution
		SolutionGuid = {D0D92769-8CC5-4519-B3FD-094C9C7E12D7}
	EndGlobalSection
EndGlobal
