
Microsoft Visual Studio Solution File, Format Version 12.00
# Visual Studio Version 17
VisualStudioVersion = 17.11.35327.3
MinimumVisualStudioVersion = 10.0.40219.1
Project("{FAE04EC0-301F-11D3-BF4B-00C04F79EFBC}") = "Praktsharp4", "Praktsharp4.csproj", "{F1E85245-7226-4248-8FE2-C8ABDF3A946F}"
EndProject
Global
	GlobalSection(SolutionConfigurationPlatforms) = preSolution
		Debug|Any CPU = Debug|Any CPU
		Release|Any CPU = Release|Any CPU
	EndGlobalSection
	GlobalSection(ProjectConfigurationPlatforms) = postSolution
		{F1E85245-7226-4248-8FE2-C8ABDF3A946F}.Debug|Any CPU.ActiveCfg = Debug|Any CPU
		{F1E85245-7226-4248-8FE2-C8ABDF3A946F}.Debug|Any CPU.Build.0 = Debug|Any CPU
		{F1E85245-7226-4248-8FE2-C8ABDF3A946F}.Release|Any CPU.ActiveCfg = Release|Any CPU
		{F1E85245-7226-4248-8FE2-C8ABDF3A946F}.Release|Any CPU.Build.0 = Release|Any CPU
	EndGlobalSection
	GlobalSection(SolutionProperties) = preSolution
		HideSolutionNode = FALSE
	EndGlobalSection
	GlobalSection(ExtensibilityGlobals) = postSolution
		SolutionGuid = {A1DE513D-3010-470C-BCA5-76F031E327AA}
	EndGlobalSection
EndGlobal
