
Microsoft Visual Studio Solution File, Format Version 12.00
# Visual Studio Version 17
VisualStudioVersion = 17.11.35327.3
MinimumVisualStudioVersion = 10.0.40219.1
Project("{FAE04EC0-301F-11D3-BF4B-00C04F79EFBC}") = "Praktsharp5", "Praktsharp5.csproj", "{ECE196BE-9D2B-412B-8607-996DA7117038}"
EndProject
Project("{8BC9CEB8-8B4A-11D0-8D11-00A0C91BC942}") = "Praktsharp6", "..\Praktsharp6\Praktsharp6.vcxproj", "{E08C76EE-7460-4F93-94DF-5D45C1CBB2C3}"
EndProject
Global
	GlobalSection(SolutionConfigurationPlatforms) = preSolution
		Debug|Any CPU = Debug|Any CPU
		Debug|x64 = Debug|x64
		Debug|x86 = Debug|x86
		Release|Any CPU = Release|Any CPU
		Release|x64 = Release|x64
		Release|x86 = Release|x86
	EndGlobalSection
	GlobalSection(ProjectConfigurationPlatforms) = postSolution
		{ECE196BE-9D2B-412B-8607-996DA7117038}.Debug|Any CPU.ActiveCfg = Debug|Any CPU
		{ECE196BE-9D2B-412B-8607-996DA7117038}.Debug|Any CPU.Build.0 = Debug|Any CPU
		{ECE196BE-9D2B-412B-8607-996DA7117038}.Debug|x64.ActiveCfg = Debug|Any CPU
		{ECE196BE-9D2B-412B-8607-996DA7117038}.Debug|x64.Build.0 = Debug|Any CPU
		{ECE196BE-9D2B-412B-8607-996DA7117038}.Debug|x86.ActiveCfg = Debug|Any CPU
		{ECE196BE-9D2B-412B-8607-996DA7117038}.Debug|x86.Build.0 = Debug|Any CPU
		{ECE196BE-9D2B-412B-8607-996DA7117038}.Release|Any CPU.ActiveCfg = Release|Any CPU
		{ECE196BE-9D2B-412B-8607-996DA7117038}.Release|Any CPU.Build.0 = Release|Any CPU
		{ECE196BE-9D2B-412B-8607-996DA7117038}.Release|x64.ActiveCfg = Release|Any CPU
		{ECE196BE-9D2B-412B-8607-996DA7117038}.Release|x64.Build.0 = Release|Any CPU
		{ECE196BE-9D2B-412B-8607-996DA7117038}.Release|x86.ActiveCfg = Release|Any CPU
		{ECE196BE-9D2B-412B-8607-996DA7117038}.Release|x86.Build.0 = Release|Any CPU
		{E08C76EE-7460-4F93-94DF-5D45C1CBB2C3}.Debug|Any CPU.ActiveCfg = Debug|x64
		{E08C76EE-7460-4F93-94DF-5D45C1CBB2C3}.Debug|Any CPU.Build.0 = Debug|x64
		{E08C76EE-7460-4F93-94DF-5D45C1CBB2C3}.Debug|x64.ActiveCfg = Debug|x64
		{E08C76EE-7460-4F93-94DF-5D45C1CBB2C3}.Debug|x64.Build.0 = Debug|x64
		{E08C76EE-7460-4F93-94DF-5D45C1CBB2C3}.Debug|x86.ActiveCfg = Debug|Win32
		{E08C76EE-7460-4F93-94DF-5D45C1CBB2C3}.Debug|x86.Build.0 = Debug|Win32
		{E08C76EE-7460-4F93-94DF-5D45C1CBB2C3}.Release|Any CPU.ActiveCfg = Release|x64
		{E08C76EE-7460-4F93-94DF-5D45C1CBB2C3}.Release|Any CPU.Build.0 = Release|x64
		{E08C76EE-7460-4F93-94DF-5D45C1CBB2C3}.Release|x64.ActiveCfg = Release|x64
		{E08C76EE-7460-4F93-94DF-5D45C1CBB2C3}.Release|x64.Build.0 = Release|x64
		{E08C76EE-7460-4F93-94DF-5D45C1CBB2C3}.Release|x86.ActiveCfg = Release|Win32
		{E08C76EE-7460-4F93-94DF-5D45C1CBB2C3}.Release|x86.Build.0 = Release|Win32
	EndGlobalSection
	GlobalSection(SolutionProperties) = preSolution
		HideSolutionNode = FALSE
	EndGlobalSection
	GlobalSection(ExtensibilityGlobals) = postSolution
		SolutionGuid = {1D3B2B09-4BA5-433A-A7F7-D73EC50D9319}
	EndGlobalSection
EndGlobal
