
Microsoft Visual Studio Solution File, Format Version 12.00
# Visual Studio Version 17
VisualStudioVersion = 17.11.35327.3
MinimumVisualStudioVersion = 10.0.40219.1
Project("{FAE04EC0-301F-11D3-BF4B-00C04F79EFBC}") = "Praktsharp9", "Praktsharp9.csproj", "{3257AC1A-3856-407E-A3D8-54B546F3638B}"
EndProject
Global
	GlobalSection(SolutionConfigurationPlatforms) = preSolution
		Debug|Any CPU = Debug|Any CPU
		Release|Any CPU = Release|Any CPU
	EndGlobalSection
	GlobalSection(ProjectConfigurationPlatforms) = postSolution
		{3257AC1A-3856-407E-A3D8-54B546F3638B}.Debug|Any CPU.ActiveCfg = Debug|Any CPU
		{3257AC1A-3856-407E-A3D8-54B546F3638B}.Debug|Any CPU.Build.0 = Debug|Any CPU
		{3257AC1A-3856-407E-A3D8-54B546F3638B}.Release|Any CPU.ActiveCfg = Release|Any CPU
		{3257AC1A-3856-407E-A3D8-54B546F3638B}.Release|Any CPU.Build.0 = Release|Any CPU
	EndGlobalSection
	GlobalSection(SolutionProperties) = preSolution
		HideSolutionNode = FALSE
	EndGlobalSection
	GlobalSection(ExtensibilityGlobals) = postSolution
		SolutionGuid = {8F9BB78B-7535-4781-A694-D86ECDF22619}
	EndGlobalSection
EndGlobal
